
Microsoft Visual Studio Solution File, Format Version 12.00
# Visual Studio Version 16
VisualStudioVersion = 16.0.30309.148
MinimumVisualStudioVersion = 10.0.40219.1
Project("{8BC9CEB8-8B4A-11D0-8D11-00A0C91BC942}") = "lockfile", "lockfile\lockfile.vcxproj", "{F8FA2A77-32CF-4A12-86FB-22ECD700CAFD}"
EndProject
Global
	GlobalSection(SolutionConfigurationPlatforms) = preSolution
		Debug|x64 = Debug|x64
		Debug|x86 = Debug|x86
		Release|x64 = Release|x64
		Release|x86 = Release|x86
	EndGlobalSection
	GlobalSection(ProjectConfigurationPlatforms) = postSolution
		{F8FA2A77-32CF-4A12-86FB-22ECD700CAFD}.Debug|x64.ActiveCfg = Debug|x64
		{F8FA2A77-32CF-4A12-86FB-22ECD700CAFD}.Debug|x64.Build.0 = Debug|x64
		{F8FA2A77-32CF-4A12-86FB-22ECD700CAFD}.Debug|x86.ActiveCfg = Debug|Win32
		{F8FA2A77-32CF-4A12-86FB-22ECD700CAFD}.Debug|x86.Build.0 = Debug|Win32
		{F8FA2A77-32CF-4A12-86FB-22ECD700CAFD}.Release|x64.ActiveCfg = Release|x64
		{F8FA2A77-32CF-4A12-86FB-22ECD700CAFD}.Release|x64.Build.0 = Release|x64
		{F8FA2A77-32CF-4A12-86FB-22ECD700CAFD}.Release|x86.ActiveCfg = Release|Win32
		{F8FA2A77-32CF-4A12-86FB-22ECD700CAFD}.Release|x86.Build.0 = Release|Win32
	EndGlobalSection
	GlobalSection(SolutionProperties) = preSolution
		HideSolutionNode = FALSE
	EndGlobalSection
	GlobalSection(ExtensibilityGlobals) = postSolution
		SolutionGuid = {A2174E9E-F438-4F19-90D6-8B1DBBB134DA}
	EndGlobalSection
EndGlobal
